// !$*UTF8*$!
{
	archiveVersion = 1;
	classes = {
	};
	objectVersion = 56;
	objects = {

/* Begin PBXBuildFile section */
		E8FF50A72BBE695F00DA484D /* HoneymoonApp.swift in Sources */ = {isa = PBXBuildFile; fileRef = E8FF50A62BBE695F00DA484D /* HoneymoonApp.swift */; };
		E8FF50A92BBE695F00DA484D /* ContentView.swift in Sources */ = {isa = PBXBuildFile; fileRef = E8FF50A82BBE695F00DA484D /* ContentView.swift */; };
		E8FF50AB2BBE696200DA484D /* Assets.xcassets in Resources */ = {isa = PBXBuildFile; fileRef = E8FF50AA2BBE696200DA484D /* Assets.xcassets */; };
		E8FF50AE2BBE696200DA484D /* Preview Assets.xcassets in Resources */ = {isa = PBXBuildFile; fileRef = E8FF50AD2BBE696200DA484D /* Preview Assets.xcassets */; };
		E8FF50B52BBE6AB600DA484D /* Sounds in Resources */ = {isa = PBXBuildFile; fileRef = E8FF50B42BBE6AB600DA484D /* Sounds */; };
		E8FF50B72BBE6C1800DA484D /* LaunchScreen.storyboard in Resources */ = {isa = PBXBuildFile; fileRef = E8FF50B62BBE6C1800DA484D /* LaunchScreen.storyboard */; };
		E8FF50BA2BBE70D300DA484D /* HoneymoonModel.swift in Sources */ = {isa = PBXBuildFile; fileRef = E8FF50B92BBE70D300DA484D /* HoneymoonModel.swift */; };
		E8FF50BD2BBE718800DA484D /* HoneymoonData.swift in Sources */ = {isa = PBXBuildFile; fileRef = E8FF50BC2BBE718800DA484D /* HoneymoonData.swift */; };
		E8FF50C12BBE721B00DA484D /* CardView.swift in Sources */ = {isa = PBXBuildFile; fileRef = E8FF50C02BBE721B00DA484D /* CardView.swift */; };
		E8FF50C32BBE7BF000DA484D /* HeaderView.swift in Sources */ = {isa = PBXBuildFile; fileRef = E8FF50C22BBE7BF000DA484D /* HeaderView.swift */; };
		E8FF50C52BBE803000DA484D /* FooterView.swift in Sources */ = {isa = PBXBuildFile; fileRef = E8FF50C42BBE803000DA484D /* FooterView.swift */; };
		E8FF50C82BBE828600DA484D /* HeaderComponent.swift in Sources */ = {isa = PBXBuildFile; fileRef = E8FF50C72BBE828600DA484D /* HeaderComponent.swift */; };
		E8FF50CA2BBE837C00DA484D /* GuideComponent.swift in Sources */ = {isa = PBXBuildFile; fileRef = E8FF50C92BBE837C00DA484D /* GuideComponent.swift */; };
/* End PBXBuildFile section */

/* Begin PBXFileReference section */
		E8FF50A32BBE695F00DA484D /* Honeymoon.app */ = {isa = PBXFileReference; explicitFileType = wrapper.application; includeInIndex = 0; path = Honeymoon.app; sourceTree = BUILT_PRODUCTS_DIR; };
		E8FF50A62BBE695F00DA484D /* HoneymoonApp.swift */ = {isa = PBXFileReference; lastKnownFileType = sourcecode.swift; path = HoneymoonApp.swift; sourceTree = "<group>"; };
		E8FF50A82BBE695F00DA484D /* ContentView.swift */ = {isa = PBXFileReference; lastKnownFileType = sourcecode.swift; path = ContentView.swift; sourceTree = "<group>"; };
		E8FF50AA2BBE696200DA484D /* Assets.xcassets */ = {isa = PBXFileReference; lastKnownFileType = folder.assetcatalog; path = Assets.xcassets; sourceTree = "<group>"; };
		E8FF50AD2BBE696200DA484D /* Preview Assets.xcassets */ = {isa = PBXFileReference; lastKnownFileType = folder.assetcatalog; path = "Preview Assets.xcassets"; sourceTree = "<group>"; };
		E8FF50B42BBE6AB600DA484D /* Sounds */ = {isa = PBXFileReference; lastKnownFileType = folder; path = Sounds; sourceTree = "<group>"; };
		E8FF50B62BBE6C1800DA484D /* LaunchScreen.storyboard */ = {isa = PBXFileReference; lastKnownFileType = file.storyboard; path = LaunchScreen.storyboard; sourceTree = "<group>"; };
		E8FF50B82BBE6DF000DA484D /* Info.plist */ = {isa = PBXFileReference; lastKnownFileType = text.plist; path = Info.plist; sourceTree = "<group>"; };
		E8FF50B92BBE70D300DA484D /* HoneymoonModel.swift */ = {isa = PBXFileReference; lastKnownFileType = sourcecode.swift; path = HoneymoonModel.swift; sourceTree = "<group>"; };
		E8FF50BC2BBE718800DA484D /* HoneymoonData.swift */ = {isa = PBXFileReference; lastKnownFileType = sourcecode.swift; path = HoneymoonData.swift; sourceTree = "<group>"; };
		E8FF50C02BBE721B00DA484D /* CardView.swift */ = {isa = PBXFileReference; lastKnownFileType = sourcecode.swift; path = CardView.swift; sourceTree = "<group>"; };
		E8FF50C22BBE7BF000DA484D /* HeaderView.swift */ = {isa = PBXFileReference; lastKnownFileType = sourcecode.swift; path = HeaderView.swift; sourceTree = "<group>"; };
		E8FF50C42BBE803000DA484D /* FooterView.swift */ = {isa = PBXFileReference; lastKnownFileType = sourcecode.swift; path = FooterView.swift; sourceTree = "<group>"; };
		E8FF50C72BBE828600DA484D /* HeaderComponent.swift */ = {isa = PBXFileReference; lastKnownFileType = sourcecode.swift; path = HeaderComponent.swift; sourceTree = "<group>"; };
		E8FF50C92BBE837C00DA484D /* GuideComponent.swift */ = {isa = PBXFileReference; lastKnownFileType = sourcecode.swift; path = GuideComponent.swift; sourceTree = "<group>"; };
/* End PBXFileReference section */

/* Begin PBXFrameworksBuildPhase section */
		E8FF50A02BBE695F00DA484D /* Frameworks */ = {
			isa = PBXFrameworksBuildPhase;
			buildActionMask = 2147483647;
			files = (
			);
			runOnlyForDeploymentPostprocessing = 0;
		};
/* End PBXFrameworksBuildPhase section */

/* Begin PBXGroup section */
		E8FF509A2BBE695F00DA484D = {
			isa = PBXGroup;
			children = (
				E8FF50A52BBE695F00DA484D /* Honeymoon */,
				E8FF50A42BBE695F00DA484D /* Products */,
			);
			sourceTree = "<group>";
		};
		E8FF50A42BBE695F00DA484D /* Products */ = {
			isa = PBXGroup;
			children = (
				E8FF50A32BBE695F00DA484D /* Honeymoon.app */,
			);
			name = Products;
			sourceTree = "<group>";
		};
		E8FF50A52BBE695F00DA484D /* Honeymoon */ = {
			isa = PBXGroup;
			children = (
				E8FF50C62BBE826E00DA484D /* Component */,
				E8FF50A62BBE695F00DA484D /* HoneymoonApp.swift */,
				E8FF50A82BBE695F00DA484D /* ContentView.swift */,
				E8FF50B82BBE6DF000DA484D /* Info.plist */,
				E8FF50BE2BBE719B00DA484D /* Data */,
				E8FF50BB2BBE70E200DA484D /* Model */,
				E8FF50B42BBE6AB600DA484D /* Sounds */,
				E8FF50BF2BBE720400DA484D /* View */,
				E8FF50AA2BBE696200DA484D /* Assets.xcassets */,
				E8FF50AC2BBE696200DA484D /* Preview Content */,
				E8FF50B62BBE6C1800DA484D /* LaunchScreen.storyboard */,
			);
			path = Honeymoon;
			sourceTree = "<group>";
		};
		E8FF50AC2BBE696200DA484D /* Preview Content */ = {
			isa = PBXGroup;
			children = (
				E8FF50AD2BBE696200DA484D /* Preview Assets.xcassets */,
			);
			path = "Preview Content";
			sourceTree = "<group>";
		};
		E8FF50BB2BBE70E200DA484D /* Model */ = {
			isa = PBXGroup;
			children = (
				E8FF50B92BBE70D300DA484D /* HoneymoonModel.swift */,
			);
			path = Model;
			sourceTree = "<group>";
		};
		E8FF50BE2BBE719B00DA484D /* Data */ = {
			isa = PBXGroup;
			children = (
				E8FF50BC2BBE718800DA484D /* HoneymoonData.swift */,
			);
			path = Data;
			sourceTree = "<group>";
		};
		E8FF50BF2BBE720400DA484D /* View */ = {
			isa = PBXGroup;
			children = (
				E8FF50C02BBE721B00DA484D /* CardView.swift */,
				E8FF50C22BBE7BF000DA484D /* HeaderView.swift */,
				E8FF50C42BBE803000DA484D /* FooterView.swift */,
			);
			path = View;
			sourceTree = "<group>";
		};
		E8FF50C62BBE826E00DA484D /* Component */ = {
			isa = PBXGroup;
			children = (
				E8FF50C72BBE828600DA484D /* HeaderComponent.swift */,
				E8FF50C92BBE837C00DA484D /* GuideComponent.swift */,
			);
			path = Component;
			sourceTree = "<group>";
		};
/* End PBXGroup section */

/* Begin PBXNativeTarget section */
		E8FF50A22BBE695F00DA484D /* Honeymoon */ = {
			isa = PBXNativeTarget;
			buildConfigurationList = E8FF50B12BBE696200DA484D /* Build configuration list for PBXNativeTarget "Honeymoon" */;
			buildPhases = (
				E8FF509F2BBE695F00DA484D /* Sources */,
				E8FF50A02BBE695F00DA484D /* Frameworks */,
				E8FF50A12BBE695F00DA484D /* Resources */,
			);
			buildRules = (
			);
			dependencies = (
			);
			name = Honeymoon;
			productName = Honeymoon;
			productReference = E8FF50A32BBE695F00DA484D /* Honeymoon.app */;
			productType = "com.apple.product-type.application";
		};
/* End PBXNativeTarget section */

/* Begin PBXProject section */
		E8FF509B2BBE695F00DA484D /* Project object */ = {
			isa = PBXProject;
			attributes = {
				BuildIndependentTargetsInParallel = 1;
				LastSwiftUpdateCheck = 1530;
				LastUpgradeCheck = 1530;
				TargetAttributes = {
					E8FF50A22BBE695F00DA484D = {
						CreatedOnToolsVersion = 15.3;
					};
				};
			};
			buildConfigurationList = E8FF509E2BBE695F00DA484D /* Build configuration list for PBXProject "Honeymoon" */;
			compatibilityVersion = "Xcode 14.0";
			developmentRegion = en;
			hasScannedForEncodings = 0;
			knownRegions = (
				en,
				Base,
			);
			mainGroup = E8FF509A2BBE695F00DA484D;
			productRefGroup = E8FF50A42BBE695F00DA484D /* Products */;
			projectDirPath = "";
			projectRoot = "";
			targets = (
				E8FF50A22BBE695F00DA484D /* Honeymoon */,
			);
		};
/* End PBXProject section */

/* Begin PBXResourcesBuildPhase section */
		E8FF50A12BBE695F00DA484D /* Resources */ = {
			isa = PBXResourcesBuildPhase;
			buildActionMask = 2147483647;
			files = (
				E8FF50B52BBE6AB600DA484D /* Sounds in Resources */,
				E8FF50B72BBE6C1800DA484D /* LaunchScreen.storyboard in Resources */,
				E8FF50AE2BBE696200DA484D /* Preview Assets.xcassets in Resources */,
				E8FF50AB2BBE696200DA484D /* Assets.xcassets in Resources */,
			);
			runOnlyForDeploymentPostprocessing = 0;
		};
/* End PBXResourcesBuildPhase section */

/* Begin PBXSourcesBuildPhase section */
		E8FF509F2BBE695F00DA484D /* Sources */ = {
			isa = PBXSourcesBuildPhase;
			buildActionMask = 2147483647;
			files = (
				E8FF50BD2BBE718800DA484D /* HoneymoonData.swift in Sources */,
				E8FF50C52BBE803000DA484D /* FooterView.swift in Sources */,
				E8FF50C32BBE7BF000DA484D /* HeaderView.swift in Sources */,
				E8FF50BA2BBE70D300DA484D /* HoneymoonModel.swift in Sources */,
				E8FF50C82BBE828600DA484D /* HeaderComponent.swift in Sources */,
				E8FF50A92BBE695F00DA484D /* ContentView.swift in Sources */,
				E8FF50A72BBE695F00DA484D /* HoneymoonApp.swift in Sources */,
				E8FF50C12BBE721B00DA484D /* CardView.swift in Sources */,
				E8FF50CA2BBE837C00DA484D /* GuideComponent.swift in Sources */,
			);
			runOnlyForDeploymentPostprocessing = 0;
		};
/* End PBXSourcesBuildPhase section */

/* Begin XCBuildConfiguration section */
		E8FF50AF2BBE696200DA484D /* Debug */ = {
			isa = XCBuildConfiguration;
			buildSettings = {
				ALWAYS_SEARCH_USER_PATHS = NO;
				ASSETCATALOG_COMPILER_GENERATE_SWIFT_ASSET_SYMBOL_EXTENSIONS = YES;
				CLANG_ANALYZER_NONNULL = YES;
				CLANG_ANALYZER_NUMBER_OBJECT_CONVERSION = YES_AGGRESSIVE;
				CLANG_CXX_LANGUAGE_STANDARD = "gnu++20";
				CLANG_ENABLE_MODULES = YES;
				CLANG_ENABLE_OBJC_ARC = YES;
				CLANG_ENABLE_OBJC_WEAK = YES;
				CLANG_WARN_BLOCK_CAPTURE_AUTORELEASING = YES;
				CLANG_WARN_BOOL_CONVERSION = YES;
				CLANG_WARN_COMMA = YES;
				CLANG_WARN_CONSTANT_CONVERSION = YES;
				CLANG_WARN_DEPRECATED_OBJC_IMPLEMENTATIONS = YES;
				CLANG_WARN_DIRECT_OBJC_ISA_USAGE = YES_ERROR;
				CLANG_WARN_DOCUMENTATION_COMMENTS = YES;
				CLANG_WARN_EMPTY_BODY = YES;
				CLANG_WARN_ENUM_CONVERSION = YES;
				CLANG_WARN_INFINITE_RECURSION = YES;
				CLANG_WARN_INT_CONVERSION = YES;
				CLANG_WARN_NON_LITERAL_NULL_CONVERSION = YES;
				CLANG_WARN_OBJC_IMPLICIT_RETAIN_SELF = YES;
				CLANG_WARN_OBJC_LITERAL_CONVERSION = YES;
				CLANG_WARN_OBJC_ROOT_CLASS = YES_ERROR;
				CLANG_WARN_QUOTED_INCLUDE_IN_FRAMEWORK_HEADER = YES;
				CLANG_WARN_RANGE_LOOP_ANALYSIS = YES;
				CLANG_WARN_STRICT_PROTOTYPES = YES;
				CLANG_WARN_SUSPICIOUS_MOVE = YES;
				CLANG_WARN_UNGUARDED_AVAILABILITY = YES_AGGRESSIVE;
				CLANG_WARN_UNREACHABLE_CODE = YES;
				CLANG_WARN__DUPLICATE_METHOD_MATCH = YES;
				COPY_PHASE_STRIP = NO;
				DEBUG_INFORMATION_FORMAT = dwarf;
				ENABLE_STRICT_OBJC_MSGSEND = YES;
				ENABLE_TESTABILITY = YES;
				ENABLE_USER_SCRIPT_SANDBOXING = YES;
				GCC_C_LANGUAGE_STANDARD = gnu17;
				GCC_DYNAMIC_NO_PIC = NO;
				GCC_NO_COMMON_BLOCKS = YES;
				GCC_OPTIMIZATION_LEVEL = 0;
				GCC_PREPROCESSOR_DEFINITIONS = (
					"DEBUG=1",
					"$(inherited)",
				);
				GCC_WARN_64_TO_32_BIT_CONVERSION = YES;
				GCC_WARN_ABOUT_RETURN_TYPE = YES_ERROR;
				GCC_WARN_UNDECLARED_SELECTOR = YES;
				GCC_WARN_UNINITIALIZED_AUTOS = YES_AGGRESSIVE;
				GCC_WARN_UNUSED_FUNCTION = YES;
				GCC_WARN_UNUSED_VARIABLE = YES;
				IPHONEOS_DEPLOYMENT_TARGET = 17.4;
				LOCALIZATION_PREFERS_STRING_CATALOGS = YES;
				MTL_ENABLE_DEBUG_INFO = INCLUDE_SOURCE;
				MTL_FAST_MATH = YES;
				ONLY_ACTIVE_ARCH = YES;
				SDKROOT = iphoneos;
				SWIFT_ACTIVE_COMPILATION_CONDITIONS = "DEBUG $(inherited)";
				SWIFT_OPTIMIZATION_LEVEL = "-Onone";
			};
			name = Debug;
		};
		E8FF50B02BBE696200DA484D /* Release */ = {
			isa = XCBuildConfiguration;
			buildSettings = {
				ALWAYS_SEARCH_USER_PATHS = NO;
				ASSETCATALOG_COMPILER_GENERATE_SWIFT_ASSET_SYMBOL_EXTENSIONS = YES;
				CLANG_ANALYZER_NONNULL = YES;
				CLANG_ANALYZER_NUMBER_OBJECT_CONVERSION = YES_AGGRESSIVE;
				CLANG_CXX_LANGUAGE_STANDARD = "gnu++20";
				CLANG_ENABLE_MODULES = YES;
				CLANG_ENABLE_OBJC_ARC = YES;
				CLANG_ENABLE_OBJC_WEAK = YES;
				CLANG_WARN_BLOCK_CAPTURE_AUTORELEASING = YES;
				CLANG_WARN_BOOL_CONVERSION = YES;
				CLANG_WARN_COMMA = YES;
				CLANG_WARN_CONSTANT_CONVERSION = YES;
				CLANG_WARN_DEPRECATED_OBJC_IMPLEMENTATIONS = YES;
				CLANG_WARN_DIRECT_OBJC_ISA_USAGE = YES_ERROR;
				CLANG_WARN_DOCUMENTATION_COMMENTS = YES;
				CLANG_WARN_EMPTY_BODY = YES;
				CLANG_WARN_ENUM_CONVERSION = YES;
				CLANG_WARN_INFINITE_RECURSION = YES;
				CLANG_WARN_INT_CONVERSION = YES;
				CLANG_WARN_NON_LITERAL_NULL_CONVERSION = YES;
				CLANG_WARN_OBJC_IMPLICIT_RETAIN_SELF = YES;
				CLANG_WARN_OBJC_LITERAL_CONVERSION = YES;
				CLANG_WARN_OBJC_ROOT_CLASS = YES_ERROR;
				CLANG_WARN_QUOTED_INCLUDE_IN_FRAMEWORK_HEADER = YES;
				CLANG_WARN_RANGE_LOOP_ANALYSIS = YES;
				CLANG_WARN_STRICT_PROTOTYPES = YES;
				CLANG_WARN_SUSPICIOUS_MOVE = YES;
				CLANG_WARN_UNGUARDED_AVAILABILITY = YES_AGGRESSIVE;
				CLANG_WARN_UNREACHABLE_CODE = YES;
				CLANG_WARN__DUPLICATE_METHOD_MATCH = YES;
				COPY_PHASE_STRIP = NO;
				DEBUG_INFORMATION_FORMAT = "dwarf-with-dsym";
				ENABLE_NS_ASSERTIONS = NO;
				ENABLE_STRICT_OBJC_MSGSEND = YES;
				ENABLE_USER_SCRIPT_SANDBOXING = YES;
				GCC_C_LANGUAGE_STANDARD = gnu17;
				GCC_NO_COMMON_BLOCKS = YES;
				GCC_WARN_64_TO_32_BIT_CONVERSION = YES;
				GCC_WARN_ABOUT_RETURN_TYPE = YES_ERROR;
				GCC_WARN_UNDECLARED_SELECTOR = YES;
				GCC_WARN_UNINITIALIZED_AUTOS = YES_AGGRESSIVE;
				GCC_WARN_UNUSED_FUNCTION = YES;
				GCC_WARN_UNUSED_VARIABLE = YES;
				IPHONEOS_DEPLOYMENT_TARGET = 17.4;
				LOCALIZATION_PREFERS_STRING_CATALOGS = YES;
				MTL_ENABLE_DEBUG_INFO = NO;
				MTL_FAST_MATH = YES;
				SDKROOT = iphoneos;
				SWIFT_COMPILATION_MODE = wholemodule;
				VALIDATE_PRODUCT = YES;
			};
			name = Release;
		};
		E8FF50B22BBE696200DA484D /* Debug */ = {
			isa = XCBuildConfiguration;
			buildSettings = {
				ASSETCATALOG_COMPILER_APPICON_NAME = AppIcon;
				ASSETCATALOG_COMPILER_GLOBAL_ACCENT_COLOR_NAME = AccentColor;
				CODE_SIGN_STYLE = Automatic;
				CURRENT_PROJECT_VERSION = 1;
				DEVELOPMENT_ASSET_PATHS = "\"Honeymoon/Preview Content\"";
				DEVELOPMENT_TEAM = 52YSN62MCL;
				ENABLE_PREVIEWS = YES;
				GENERATE_INFOPLIST_FILE = YES;
				INFOPLIST_FILE = Honeymoon/Info.plist;
				INFOPLIST_KEY_UIApplicationSupportsIndirectInputEvents = YES;
				INFOPLIST_KEY_UILaunchScreen_Generation = YES;
				INFOPLIST_KEY_UILaunchStoryboardName = LaunchScreen.storyboard;
				INFOPLIST_KEY_UISupportedInterfaceOrientations = UIInterfaceOrientationPortrait;
				LD_RUNPATH_SEARCH_PATHS = (
					"$(inherited)",
					"@executable_path/Frameworks",
				);
				MARKETING_VERSION = 1.0;
				PRODUCT_BUNDLE_IDENTIFIER = com.GGDol.Honeymoon;
				PRODUCT_NAME = "$(TARGET_NAME)";
				SWIFT_EMIT_LOC_STRINGS = YES;
				SWIFT_VERSION = 5.0;
				TARGETED_DEVICE_FAMILY = "1,2";
			};
			name = Debug;
		};
		E8FF50B32BBE696200DA484D /* Release */ = {
			isa = XCBuildConfiguration;
			buildSettings = {
				ASSETCATALOG_COMPILER_APPICON_NAME = AppIcon;
				ASSETCATALOG_COMPILER_GLOBAL_ACCENT_COLOR_NAME = AccentColor;
				CODE_SIGN_STYLE = Automatic;
				CURRENT_PROJECT_VERSION = 1;
				DEVELOPMENT_ASSET_PATHS = "\"Honeymoon/Preview Content\"";
				DEVELOPMENT_TEAM = 52YSN62MCL;
				ENABLE_PREVIEWS = YES;
				GENERATE_INFOPLIST_FILE = YES;
				INFOPLIST_FILE = Honeymoon/Info.plist;
				INFOPLIST_KEY_UIApplicationSupportsIndirectInputEvents = YES;
				INFOPLIST_KEY_UILaunchScreen_Generation = YES;
				INFOPLIST_KEY_UILaunchStoryboardName = LaunchScreen.storyboard;
				INFOPLIST_KEY_UISupportedInterfaceOrientations = UIInterfaceOrientationPortrait;
				LD_RUNPATH_SEARCH_PATHS = (
					"$(inherited)",
					"@executable_path/Frameworks",
				);
				MARKETING_VERSION = 1.0;
				PRODUCT_BUNDLE_IDENTIFIER = com.GGDol.Honeymoon;
				PRODUCT_NAME = "$(TARGET_NAME)";
				SWIFT_EMIT_LOC_STRINGS = YES;
				SWIFT_VERSION = 5.0;
				TARGETED_DEVICE_FAMILY = "1,2";
			};
			name = Release;
		};
/* End XCBuildConfiguration section */

/* Begin XCConfigurationList section */
		E8FF509E2BBE695F00DA484D /* Build configuration list for PBXProject "Honeymoon" */ = {
			isa = XCConfigurationList;
			buildConfigurations = (
				E8FF50AF2BBE696200DA484D /* Debug */,
				E8FF50B02BBE696200DA484D /* Release */,
			);
			defaultConfigurationIsVisible = 0;
			defaultConfigurationName = Release;
		};
		E8FF50B12BBE696200DA484D /* Build configuration list for PBXNativeTarget "Honeymoon" */ = {
			isa = XCConfigurationList;
			buildConfigurations = (
				E8FF50B22BBE696200DA484D /* Debug */,
				E8FF50B32BBE696200DA484D /* Release */,
			);
			defaultConfigurationIsVisible = 0;
			defaultConfigurationName = Release;
		};
/* End XCConfigurationList section */
	};
	rootObject = E8FF509B2BBE695F00DA484D /* Project object */;
}
